
Microsoft Visual Studio Solution File, Format Version 12.00
Project("{FAE04EC0-301F-11D3-BF4B-00C04F79EFBC}") = "SmartSurveys.Api", "SmartSurveys.Api\SmartSurveys.Api.csproj", "{AE57D472-863F-43DA-8110-AC6AF0650ABF}"
EndProject
Project("{FAE04EC0-301F-11D3-BF4B-00C04F79EFBC}") = "SmartSurveys.Core", "SmartSurveys.Core\SmartSurveys.Core.csproj", "{6389E7B9-0416-4BFB-9E04-31B00D90D99F}"
EndProject
Global
	GlobalSection(SolutionConfigurationPlatforms) = preSolution
		Debug|Any CPU = Debug|Any CPU
		Release|Any CPU = Release|Any CPU
	EndGlobalSection
	GlobalSection(ProjectConfigurationPlatforms) = postSolution
		{AE57D472-863F-43DA-8110-AC6AF0650ABF}.Debug|Any CPU.ActiveCfg = Debug|Any CPU
		{AE57D472-863F-43DA-8110-AC6AF0650ABF}.Debug|Any CPU.Build.0 = Debug|Any CPU
		{AE57D472-863F-43DA-8110-AC6AF0650ABF}.Release|Any CPU.ActiveCfg = Release|Any CPU
		{AE57D472-863F-43DA-8110-AC6AF0650ABF}.Release|Any CPU.Build.0 = Release|Any CPU
		{6389E7B9-0416-4BFB-9E04-31B00D90D99F}.Debug|Any CPU.ActiveCfg = Debug|Any CPU
		{6389E7B9-0416-4BFB-9E04-31B00D90D99F}.Debug|Any CPU.Build.0 = Debug|Any CPU
		{6389E7B9-0416-4BFB-9E04-31B00D90D99F}.Release|Any CPU.ActiveCfg = Release|Any CPU
		{6389E7B9-0416-4BFB-9E04-31B00D90D99F}.Release|Any CPU.Build.0 = Release|Any CPU
	EndGlobalSection
EndGlobal
